<?xml version="1.0" encoding="utf-8"?>
<Project ToolsVersion="4.0" xmlns="http://schemas.microsoft.com/developer/msbuild/2003">
  <ItemGroup>
    <Filter Include="소스 파일">
      <UniqueIdentifier>{4FC737F1-C7A5-4376-A066-2A32D752A2FF}</UniqueIdentifier>
      <Extensions>cpp;c;cc;cxx;def;odl;idl;hpj;bat;asm;asmx</Extensions>
    </Filter>
    <Filter Include="헤더 파일">
      <UniqueIdentifier>{93995380-89BD-4b04-88EB-625FBE52EBFB}</UniqueIdentifier>
      <Extensions>h;hh;hpp;hxx;hm;inl;inc;ipp;xsd</Extensions>
    </Filter>
    <Filter Include="리소스 파일">
      <UniqueIdentifier>{67DA6AB6-F800-4c08-8B7A-83BB121AAD01}</UniqueIdentifier>
      <Extensions>rc;ico;cur;bmp;dlg;rc2;rct;bin;rgs;gif;jpg;jpeg;jpe;resx;tiff;tif;png;wav;mfcribbon-ms</Extensions>
    </Filter>
  </ItemGroup>
  <ItemGroup>
    <ClInclude Include="Array.h">
      <Filter>헤더 파일</Filter>
    </ClInclude>
    <ClInclude Include="BackspaceCommand.h">
      <Filter>헤더 파일</Filter>
    </ClInclude>
    <ClInclude Include="BingSearchCommand.h">
      <Filter>헤더 파일</Filter>
    </ClInclude>
    <ClInclude Include="Caret.h">
      <Filter>헤더 파일</Filter>
    </ClInclude>
    <ClInclude Include="CaretController.h">
      <Filter>헤더 파일</Filter>
    </ClInclude>
    <ClInclude Include="CharacterCommand.h">
      <Filter>헤더 파일</Filter>
    </ClInclude>
    <ClInclude Include="Clipboard.h">
      <Filter>헤더 파일</Filter>
    </ClInclude>
    <ClInclude Include="CloseCommand.h">
      <Filter>헤더 파일</Filter>
    </ClInclude>
    <ClInclude Include="Command.h">
      <Filter>헤더 파일</Filter>
    </ClInclude>
    <ClInclude Include="CommandFactory.h">
      <Filter>헤더 파일</Filter>
    </ClInclude>
    <ClInclude Include="CommandHistory.h">
      <Filter>헤더 파일</Filter>
    </ClInclude>
    <ClInclude Include="CommandStack.h">
      <Filter>헤더 파일</Filter>
    </ClInclude>
    <ClInclude Include="Composite.h">
      <Filter>헤더 파일</Filter>
    </ClInclude>
    <ClInclude Include="CopyCommand.h">
      <Filter>헤더 파일</Filter>
    </ClInclude>
    <ClInclude Include="CtrlEndKeyAction.h">
      <Filter>헤더 파일</Filter>
    </ClInclude>
    <ClInclude Include="CtrlHomeKeyAction.h">
      <Filter>헤더 파일</Filter>
    </ClInclude>
    <ClInclude Include="CtrlLeftKeyAction.h">
      <Filter>헤더 파일</Filter>
    </ClInclude>
    <ClInclude Include="CtrlRightKeyAction.h">
      <Filter>헤더 파일</Filter>
    </ClInclude>
    <ClInclude Include="CutCommand.h">
      <Filter>헤더 파일</Filter>
    </ClInclude>
    <ClInclude Include="DateCommand.h">
      <Filter>헤더 파일</Filter>
    </ClInclude>
    <ClInclude Include="DeleteCommand.h">
      <Filter>헤더 파일</Filter>
    </ClInclude>
    <ClInclude Include="DoubleByteLetter.h">
      <Filter>헤더 파일</Filter>
    </ClInclude>
    <ClInclude Include="DownKeyAction.h">
      <Filter>헤더 파일</Filter>
    </ClInclude>
    <ClInclude Include="DragBox.h">
      <Filter>헤더 파일</Filter>
    </ClInclude>
    <ClInclude Include="DummyLine.h">
      <Filter>헤더 파일</Filter>
    </ClInclude>
    <ClInclude Include="EditCommand.h">
      <Filter>헤더 파일</Filter>
    </ClInclude>
    <ClInclude Include="EndKeyAction.h">
      <Filter>헤더 파일</Filter>
    </ClInclude>
    <ClInclude Include="File.h">
      <Filter>헤더 파일</Filter>
    </ClInclude>
    <ClInclude Include="FindCommand.h">
      <Filter>헤더 파일</Filter>
    </ClInclude>
    <ClInclude Include="FindNextCommand.h">
      <Filter>헤더 파일</Filter>
    </ClInclude>
    <ClInclude Include="FindPreviousCommand.h">
      <Filter>헤더 파일</Filter>
    </ClInclude>
    <ClInclude Include="FindReplaceDialog.h">
      <Filter>헤더 파일</Filter>
    </ClInclude>
    <ClInclude Include="FirstScrollAction.h">
      <Filter>헤더 파일</Filter>
    </ClInclude>
    <ClInclude Include="Font.h">
      <Filter>헤더 파일</Filter>
    </ClInclude>
    <ClInclude Include="FontCommand.h">
      <Filter>헤더 파일</Filter>
    </ClInclude>
    <ClInclude Include="Glyph.h">
      <Filter>헤더 파일</Filter>
    </ClInclude>
    <ClInclude Include="GlyphFactory.h">
      <Filter>헤더 파일</Filter>
    </ClInclude>
    <ClInclude Include="GoToLineCommand.h">
      <Filter>헤더 파일</Filter>
    </ClInclude>
    <ClInclude Include="GoToLineDialog.h">
      <Filter>헤더 파일</Filter>
    </ClInclude>
    <ClInclude Include="HelpCommand.h">
      <Filter>헤더 파일</Filter>
    </ClInclude>
    <ClInclude Include="HomeKeyAction.h">
      <Filter>헤더 파일</Filter>
    </ClInclude>
    <ClInclude Include="HorizontalScroll.h">
      <Filter>헤더 파일</Filter>
    </ClInclude>
    <ClInclude Include="ImeCharacterCommand.h">
      <Filter>헤더 파일</Filter>
    </ClInclude>
    <ClInclude Include="KeyAction.h">
      <Filter>헤더 파일</Filter>
    </ClInclude>
    <ClInclude Include="KeyActionFactory.h">
      <Filter>헤더 파일</Filter>
    </ClInclude>
    <ClInclude Include="LastScrollAction.h">
      <Filter>헤더 파일</Filter>
    </ClInclude>
    <ClInclude Include="LeftKeyAction.h">
      <Filter>헤더 파일</Filter>
    </ClInclude>
    <ClInclude Include="Letter.h">
      <Filter>헤더 파일</Filter>
    </ClInclude>
    <ClInclude Include="Line.h">
      <Filter>헤더 파일</Filter>
    </ClInclude>
    <ClInclude Include="LineNextScrollAction.h">
      <Filter>헤더 파일</Filter>
    </ClInclude>
    <ClInclude Include="LinePreviousScrollAction.h">
      <Filter>헤더 파일</Filter>
    </ClInclude>
    <ClInclude Include="Matrix.h">
      <Filter>헤더 파일</Filter>
    </ClInclude>
    <ClInclude Include="NewCommand.h">
      <Filter>헤더 파일</Filter>
    </ClInclude>
    <ClInclude Include="Note.h">
      <Filter>헤더 파일</Filter>
    </ClInclude>
    <ClInclude Include="NotepadApp.h">
      <Filter>헤더 파일</Filter>
    </ClInclude>
    <ClInclude Include="NotepadForm.h">
      <Filter>헤더 파일</Filter>
    </ClInclude>
    <ClInclude Include="Observer.h">
      <Filter>헤더 파일</Filter>
    </ClInclude>
    <ClInclude Include="OpenCommand.h">
      <Filter>헤더 파일</Filter>
    </ClInclude>
    <ClInclude Include="PageDownKeyAction.h">
      <Filter>헤더 파일</Filter>
    </ClInclude>
    <ClInclude Include="PageInfo.h">
      <Filter>헤더 파일</Filter>
    </ClInclude>
    <ClInclude Include="PageNextScrollAction.h">
      <Filter>헤더 파일</Filter>
    </ClInclude>
    <ClInclude Include="PagePreviousScrollAction.h">
      <Filter>헤더 파일</Filter>
    </ClInclude>
    <ClInclude Include="PageSetupCommand.h">
      <Filter>헤더 파일</Filter>
    </ClInclude>
    <ClInclude Include="PageSetupDialog.h">
      <Filter>헤더 파일</Filter>
    </ClInclude>
    <ClInclude Include="PageUpKeyAction.h">
      <Filter>헤더 파일</Filter>
    </ClInclude>
    <ClInclude Include="PasteCommand.h">
      <Filter>헤더 파일</Filter>
    </ClInclude>
    <ClInclude Include="PreviewCommand.h">
      <Filter>헤더 파일</Filter>
    </ClInclude>
    <ClInclude Include="PrintCommand.h">
      <Filter>헤더 파일</Filter>
    </ClInclude>
    <ClInclude Include="Printer.h">
      <Filter>헤더 파일</Filter>
    </ClInclude>
    <ClInclude Include="PrintPreviewForm.h">
      <Filter>헤더 파일</Filter>
    </ClInclude>
    <ClInclude Include="RedoCommand.h">
      <Filter>헤더 파일</Filter>
    </ClInclude>
    <ClInclude Include="ReplaceCommand.h">
      <Filter>헤더 파일</Filter>
    </ClInclude>
    <ClInclude Include="ReplaceDialogCommand.h">
      <Filter>헤더 파일</Filter>
    </ClInclude>
    <ClInclude Include="resource.h">
      <Filter>헤더 파일</Filter>
    </ClInclude>
    <ClInclude Include="RightKeyAction.h">
      <Filter>헤더 파일</Filter>
    </ClInclude>
    <ClInclude Include="SaveAsCommand.h">
      <Filter>헤더 파일</Filter>
    </ClInclude>
    <ClInclude Include="SaveCommand.h">
      <Filter>헤더 파일</Filter>
    </ClInclude>
    <ClInclude Include="Scroll.h">
      <Filter>헤더 파일</Filter>
    </ClInclude>
    <ClInclude Include="ScrollAction.h">
      <Filter>헤더 파일</Filter>
    </ClInclude>
    <ClInclude Include="ScrollActionFactory.h">
      <Filter>헤더 파일</Filter>
    </ClInclude>
    <ClInclude Include="ScrollController.h">
      <Filter>헤더 파일</Filter>
    </ClInclude>
    <ClInclude Include="SelectAllCommand.h">
      <Filter>헤더 파일</Filter>
    </ClInclude>
    <ClInclude Include="SelectedLeftKeyAction.h">
      <Filter>헤더 파일</Filter>
    </ClInclude>
    <ClInclude Include="SelectedRightKeyAction.h">
      <Filter>헤더 파일</Filter>
    </ClInclude>
    <ClInclude Include="SingleByteLetter.h">
      <Filter>헤더 파일</Filter>
    </ClInclude>
    <ClInclude Include="Stack.h">
      <Filter>헤더 파일</Filter>
    </ClInclude>
    <ClInclude Include="State.h">
      <Filter>헤더 파일</Filter>
    </ClInclude>
    <ClInclude Include="StatusBarCommand.h">
      <Filter>헤더 파일</Filter>
    </ClInclude>
    <ClInclude Include="Subject.h">
      <Filter>헤더 파일</Filter>
    </ClInclude>
    <ClInclude Include="ThumbTrackScrollAction.h">
      <Filter>헤더 파일</Filter>
    </ClInclude>
    <ClInclude Include="UndoCommand.h">
      <Filter>헤더 파일</Filter>
    </ClInclude>
    <ClInclude Include="UpKeyAction.h">
      <Filter>헤더 파일</Filter>
    </ClInclude>
    <ClInclude Include="VerticalScroll.h">
      <Filter>헤더 파일</Filter>
    </ClInclude>
    <ClInclude Include="WrapCommand.h">
      <Filter>헤더 파일</Filter>
    </ClInclude>
    <ClInclude Include="WrapLineCommand.h">
      <Filter>헤더 파일</Filter>
    </ClInclude>
    <ClInclude Include="WrapUICommand.h">
      <Filter>헤더 파일</Filter>
    </ClInclude>
    <ClInclude Include="WriteCommand.h">
      <Filter>헤더 파일</Filter>
    </ClInclude>
  </ItemGroup>
  <ItemGroup>
    <ClCompile Include="BackspaceCommand.cpp">
      <Filter>소스 파일</Filter>
    </ClCompile>
    <ClCompile Include="BingSearchCommand.cpp">
      <Filter>소스 파일</Filter>
    </ClCompile>
    <ClCompile Include="Caret.cpp">
      <Filter>소스 파일</Filter>
    </ClCompile>
    <ClCompile Include="CaretController.cpp">
      <Filter>소스 파일</Filter>
    </ClCompile>
    <ClCompile Include="CharacterCommand.cpp">
      <Filter>소스 파일</Filter>
    </ClCompile>
    <ClCompile Include="Clipboard.cpp">
      <Filter>소스 파일</Filter>
    </ClCompile>
    <ClCompile Include="CloseCommand.cpp">
      <Filter>소스 파일</Filter>
    </ClCompile>
    <ClCompile Include="Command.cpp">
      <Filter>소스 파일</Filter>
    </ClCompile>
    <ClCompile Include="CommandFactory.cpp">
      <Filter>소스 파일</Filter>
    </ClCompile>
    <ClCompile Include="CommandHistory.cpp">
      <Filter>소스 파일</Filter>
    </ClCompile>
    <ClCompile Include="CommandStack.cpp">
      <Filter>소스 파일</Filter>
    </ClCompile>
    <ClCompile Include="Composite.cpp">
      <Filter>소스 파일</Filter>
    </ClCompile>
    <ClCompile Include="CopyCommand.cpp">
      <Filter>소스 파일</Filter>
    </ClCompile>
    <ClCompile Include="CtrlEndKeyAction.cpp">
      <Filter>소스 파일</Filter>
    </ClCompile>
    <ClCompile Include="CtrlHomeKeyAction.cpp">
      <Filter>소스 파일</Filter>
    </ClCompile>
    <ClCompile Include="CtrlLeftKeyAction.cpp">
      <Filter>소스 파일</Filter>
    </ClCompile>
    <ClCompile Include="CtrlRightKeyAction.cpp">
      <Filter>소스 파일</Filter>
    </ClCompile>
    <ClCompile Include="CutCommand.cpp">
      <Filter>소스 파일</Filter>
    </ClCompile>
    <ClCompile Include="DateCommand.cpp">
      <Filter>소스 파일</Filter>
    </ClCompile>
    <ClCompile Include="DeleteCommand.cpp">
      <Filter>소스 파일</Filter>
    </ClCompile>
    <ClCompile Include="DoubleByteLetter.cpp">
      <Filter>소스 파일</Filter>
    </ClCompile>
    <ClCompile Include="DownKeyAction.cpp">
      <Filter>소스 파일</Filter>
    </ClCompile>
    <ClCompile Include="DragBox.cpp">
      <Filter>소스 파일</Filter>
    </ClCompile>
    <ClCompile Include="DummyLine.cpp">
      <Filter>소스 파일</Filter>
    </ClCompile>
    <ClCompile Include="EditCommand.cpp">
      <Filter>소스 파일</Filter>
    </ClCompile>
    <ClCompile Include="EndKeyAction.cpp">
      <Filter>소스 파일</Filter>
    </ClCompile>
    <ClCompile Include="File.cpp">
      <Filter>소스 파일</Filter>
    </ClCompile>
    <ClCompile Include="FindCommand.cpp">
      <Filter>소스 파일</Filter>
    </ClCompile>
    <ClCompile Include="FindNextCommand.cpp">
      <Filter>소스 파일</Filter>
    </ClCompile>
    <ClCompile Include="FindPreviousCommand.cpp">
      <Filter>소스 파일</Filter>
    </ClCompile>
    <ClCompile Include="FindReplaceDialog.cpp">
      <Filter>소스 파일</Filter>
    </ClCompile>
    <ClCompile Include="FirstScrollAction.cpp">
      <Filter>소스 파일</Filter>
    </ClCompile>
    <ClCompile Include="Font.cpp">
      <Filter>소스 파일</Filter>
    </ClCompile>
    <ClCompile Include="FontCommand.cpp">
      <Filter>소스 파일</Filter>
    </ClCompile>
    <ClCompile Include="Glyph.cpp">
      <Filter>소스 파일</Filter>
    </ClCompile>
    <ClCompile Include="GlyphFactory.cpp">
      <Filter>소스 파일</Filter>
    </ClCompile>
    <ClCompile Include="GoToLineCommand.cpp">
      <Filter>소스 파일</Filter>
    </ClCompile>
    <ClCompile Include="GoToLineDialog.cpp">
      <Filter>소스 파일</Filter>
    </ClCompile>
    <ClCompile Include="HelpCommand.cpp">
      <Filter>소스 파일</Filter>
    </ClCompile>
    <ClCompile Include="HomeKeyAction.cpp">
      <Filter>소스 파일</Filter>
    </ClCompile>
    <ClCompile Include="HorizontalScroll.cpp">
      <Filter>소스 파일</Filter>
    </ClCompile>
    <ClCompile Include="ImeCharacterCommand.cpp">
      <Filter>소스 파일</Filter>
    </ClCompile>
    <ClCompile Include="KeyAction.cpp">
      <Filter>소스 파일</Filter>
    </ClCompile>
    <ClCompile Include="KeyActionFactory.cpp">
      <Filter>소스 파일</Filter>
    </ClCompile>
    <ClCompile Include="LastScrollAction.cpp">
      <Filter>소스 파일</Filter>
    </ClCompile>
    <ClCompile Include="LeftKeyAction.cpp">
      <Filter>소스 파일</Filter>
    </ClCompile>
    <ClCompile Include="Letter.cpp">
      <Filter>소스 파일</Filter>
    </ClCompile>
    <ClCompile Include="Line.cpp">
      <Filter>소스 파일</Filter>
    </ClCompile>
    <ClCompile Include="LineNextScrollAction.cpp">
      <Filter>소스 파일</Filter>
    </ClCompile>
    <ClCompile Include="LinePreviousScrollAction.cpp">
      <Filter>소스 파일</Filter>
    </ClCompile>
    <ClCompile Include="Matrix.cpp">
      <Filter>소스 파일</Filter>
    </ClCompile>
    <ClCompile Include="NewCommand.cpp">
      <Filter>소스 파일</Filter>
    </ClCompile>
    <ClCompile Include="Note.cpp">
      <Filter>소스 파일</Filter>
    </ClCompile>
    <ClCompile Include="NotepadApp.cpp">
      <Filter>소스 파일</Filter>
    </ClCompile>
    <ClCompile Include="NotepadForm.cpp">
      <Filter>소스 파일</Filter>
    </ClCompile>
    <ClCompile Include="Observer.cpp">
      <Filter>소스 파일</Filter>
    </ClCompile>
    <ClCompile Include="OpenCommand.cpp">
      <Filter>소스 파일</Filter>
    </ClCompile>
    <ClCompile Include="PageDownKeyAction.cpp">
      <Filter>소스 파일</Filter>
    </ClCompile>
    <ClCompile Include="PageInfo.cpp">
      <Filter>소스 파일</Filter>
    </ClCompile>
    <ClCompile Include="PageNextScrollAction.cpp">
      <Filter>소스 파일</Filter>
    </ClCompile>
    <ClCompile Include="PagePreviousScrollAction.cpp">
      <Filter>소스 파일</Filter>
    </ClCompile>
    <ClCompile Include="PageSetupCommand.cpp">
      <Filter>소스 파일</Filter>
    </ClCompile>
    <ClCompile Include="PageSetupDialog.cpp">
      <Filter>소스 파일</Filter>
    </ClCompile>
    <ClCompile Include="PageUpKeyAction.cpp">
      <Filter>소스 파일</Filter>
    </ClCompile>
    <ClCompile Include="PasteCommand.cpp">
      <Filter>소스 파일</Filter>
    </ClCompile>
    <ClCompile Include="PreviewCommand.cpp">
      <Filter>소스 파일</Filter>
    </ClCompile>
    <ClCompile Include="PrintCommand.cpp">
      <Filter>소스 파일</Filter>
    </ClCompile>
    <ClCompile Include="Printer.cpp">
      <Filter>소스 파일</Filter>
    </ClCompile>
    <ClCompile Include="PrintPreviewForm.cpp">
      <Filter>소스 파일</Filter>
    </ClCompile>
    <ClCompile Include="RedoCommand.cpp">
      <Filter>소스 파일</Filter>
    </ClCompile>
    <ClCompile Include="ReplaceCommand.cpp">
      <Filter>소스 파일</Filter>
    </ClCompile>
    <ClCompile Include="ReplaceDialogCommand.cpp">
      <Filter>소스 파일</Filter>
    </ClCompile>
    <ClCompile Include="RightKeyAction.cpp">
      <Filter>소스 파일</Filter>
    </ClCompile>
    <ClCompile Include="SaveAsCommand.cpp">
      <Filter>소스 파일</Filter>
    </ClCompile>
    <ClCompile Include="SaveCommand.cpp">
      <Filter>소스 파일</Filter>
    </ClCompile>
    <ClCompile Include="Scroll.cpp">
      <Filter>소스 파일</Filter>
    </ClCompile>
    <ClCompile Include="ScrollAction.cpp">
      <Filter>소스 파일</Filter>
    </ClCompile>
    <ClCompile Include="ScrollActionFactory.cpp">
      <Filter>소스 파일</Filter>
    </ClCompile>
    <ClCompile Include="ScrollController.cpp">
      <Filter>소스 파일</Filter>
    </ClCompile>
    <ClCompile Include="SelectAllCommand.cpp">
      <Filter>소스 파일</Filter>
    </ClCompile>
    <ClCompile Include="SelectedLeftKeyAction.cpp">
      <Filter>소스 파일</Filter>
    </ClCompile>
    <ClCompile Include="SelectedRightKeyAction.cpp">
      <Filter>소스 파일</Filter>
    </ClCompile>
    <ClCompile Include="SingleByteLetter.cpp">
      <Filter>소스 파일</Filter>
    </ClCompile>
    <ClCompile Include="State.cpp">
      <Filter>소스 파일</Filter>
    </ClCompile>
    <ClCompile Include="StatusBarCommand.cpp">
      <Filter>소스 파일</Filter>
    </ClCompile>
    <ClCompile Include="Subject.cpp">
      <Filter>소스 파일</Filter>
    </ClCompile>
    <ClCompile Include="ThumbTrackScrollAction.cpp">
      <Filter>소스 파일</Filter>
    </ClCompile>
    <ClCompile Include="UndoCommand.cpp">
      <Filter>소스 파일</Filter>
    </ClCompile>
    <ClCompile Include="UpKeyAction.cpp">
      <Filter>소스 파일</Filter>
    </ClCompile>
    <ClCompile Include="VerticalScroll.cpp">
      <Filter>소스 파일</Filter>
    </ClCompile>
    <ClCompile Include="WrapCommand.cpp">
      <Filter>소스 파일</Filter>
    </ClCompile>
    <ClCompile Include="WrapLineCommand.cpp">
      <Filter>소스 파일</Filter>
    </ClCompile>
    <ClCompile Include="WrapUICommand.cpp">
      <Filter>소스 파일</Filter>
    </ClCompile>
    <ClCompile Include="WriteCommand.cpp">
      <Filter>소스 파일</Filter>
    </ClCompile>
  </ItemGroup>
  <ItemGroup>
    <None Include="notepad.chm" />
    <None Include="notepad.chw" />
  </ItemGroup>
  <ItemGroup>
    <Image Include="Notepad.ico">
      <Filter>리소스 파일</Filter>
    </Image>
  </ItemGroup>
  <ItemGroup>
    <ResourceCompile Include="NotepadForm.rc">
      <Filter>리소스 파일</Filter>
    </ResourceCompile>
  </ItemGroup>
  <ItemGroup>
    <Manifest Include="rt_manif.bin.exe.manifest" />
  </ItemGroup>
</Project>